<?xml version="1.0" encoding="utf-8"?>
<Project ToolsVersion="4.0" xmlns="http://schemas.microsoft.com/developer/msbuild/2003">
  <ItemGroup>
    <Filter Include="MarioEngine">
      <UniqueIdentifier>{73072D60-DFBC-A555-68B1-9F2CD4659C59}</UniqueIdentifier>
    </Filter>
    <Filter Include="MarioEngine\Events">
      <UniqueIdentifier>{F7736785-E357-28DB-4CB8-222E38BB125D}</UniqueIdentifier>
    </Filter>
    <Filter Include="MarioEngine\Platform">
      <UniqueIdentifier>{27553299-13E4-BB62-BC02-D05DA870CC08}</UniqueIdentifier>
    </Filter>
    <Filter Include="MarioEngine\Platform\Windows">
      <UniqueIdentifier>{6136BA41-4DF1-A9ED-F6A8-2238E242F47D}</UniqueIdentifier>
    </Filter>
  </ItemGroup>
  <ItemGroup>
    <ClInclude Include="src\MarioEngine.h" />
    <ClInclude Include="src\MarioEngine\Application.h">
      <Filter>MarioEngine</Filter>
    </ClInclude>
    <ClInclude Include="src\MarioEngine\Core.h">
      <Filter>MarioEngine</Filter>
    </ClInclude>
    <ClInclude Include="src\MarioEngine\EntryPoint.h">
      <Filter>MarioEngine</Filter>
    </ClInclude>
    <ClInclude Include="src\MarioEngine\Events\ApplicationEvent.h">
      <Filter>MarioEngine\Events</Filter>
    </ClInclude>
    <ClInclude Include="src\MarioEngine\Events\Event.h">
      <Filter>MarioEngine\Events</Filter>
    </ClInclude>
    <ClInclude Include="src\MarioEngine\Events\KeyEvent.h">
      <Filter>MarioEngine\Events</Filter>
    </ClInclude>
    <ClInclude Include="src\MarioEngine\Events\MouseEvent.h">
      <Filter>MarioEngine\Events</Filter>
    </ClInclude>
    <ClInclude Include="src\MarioEngine\Layer.h">
      <Filter>MarioEngine</Filter>
    </ClInclude>
    <ClInclude Include="src\MarioEngine\LayerStack.h">
      <Filter>MarioEngine</Filter>
    </ClInclude>
    <ClInclude Include="src\MarioEngine\Log.h">
      <Filter>MarioEngine</Filter>
    </ClInclude>
    <ClInclude Include="src\MarioEngine\Platform\Windows\WindowsWindow.h">
      <Filter>MarioEngine\Platform\Windows</Filter>
    </ClInclude>
    <ClInclude Include="src\MarioEngine\Window.h">
      <Filter>MarioEngine</Filter>
    </ClInclude>
    <ClInclude Include="src\mepch.h" />
  </ItemGroup>
  <ItemGroup>
    <ClCompile Include="src\MarioEngine\Application.cpp">
      <Filter>MarioEngine</Filter>
    </ClCompile>
    <ClCompile Include="src\MarioEngine\Layer.cpp">
      <Filter>MarioEngine</Filter>
    </ClCompile>
    <ClCompile Include="src\MarioEngine\LayerStack.cpp">
      <Filter>MarioEngine</Filter>
    </ClCompile>
    <ClCompile Include="src\MarioEngine\Log.cpp">
      <Filter>MarioEngine</Filter>
    </ClCompile>
    <ClCompile Include="src\MarioEngine\Platform\Windows\WindowsWindow.cpp">
      <Filter>MarioEngine\Platform\Windows</Filter>
    </ClCompile>
    <ClCompile Include="src\mepch.cpp" />
  </ItemGroup>
</Project>